
Microsoft Visual Studio Solution File, Format Version 12.00
# Visual Studio Version 17
VisualStudioVersion = 17.6.33723.286
MinimumVisualStudioVersion = 10.0.40219.1
Project("{FAE04EC0-301F-11D3-BF4B-00C04F79EFBC}") = "WindowsFormsApp2", "WindowsFormsApp2.csproj", "{BCBA891F-AD59-4BBA-979A-F0851CF0AABB}"
EndProject
Global
	GlobalSection(SolutionConfigurationPlatforms) = preSolution
		Debug|Any CPU = Debug|Any CPU
		Release|Any CPU = Release|Any CPU
	EndGlobalSection
	GlobalSection(ProjectConfigurationPlatforms) = postSolution
		{BCBA891F-AD59-4BBA-979A-F0851CF0AABB}.Debug|Any CPU.ActiveCfg = Debug|Any CPU
		{BCBA891F-AD59-4BBA-979A-F0851CF0AABB}.Debug|Any CPU.Build.0 = Debug|Any CPU
		{BCBA891F-AD59-4BBA-979A-F0851CF0AABB}.Release|Any CPU.ActiveCfg = Release|Any CPU
		{BCBA891F-AD59-4BBA-979A-F0851CF0AABB}.Release|Any CPU.Build.0 = Release|Any CPU
	EndGlobalSection
	GlobalSection(SolutionProperties) = preSolution
		HideSolutionNode = FALSE
	EndGlobalSection
	GlobalSection(ExtensibilityGlobals) = postSolution
		SolutionGuid = {7B2324E0-53E4-4DD8-B7B7-40BB3EA51A1A}
	EndGlobalSection
EndGlobal
